
Microsoft Visual Studio Solution File, Format Version 12.00
# Visual Studio 15
VisualStudioVersion = 15.0.27130.2024
MinimumVisualStudioVersion = 10.0.40219.1
Project("{FAE04EC0-301F-11D3-BF4B-00C04F79EFBC}") = "FileUpload", "FileUpload\FileUpload.csproj", "{9235B0DE-E019-4BF2-82E4-07845F9A6CF2}"
EndProject
Global
	GlobalSection(SolutionConfigurationPlatforms) = preSolution
		Debug|Any CPU = Debug|Any CPU
		Release|Any CPU = Release|Any CPU
	EndGlobalSection
	GlobalSection(ProjectConfigurationPlatforms) = postSolution
		{9235B0DE-E019-4BF2-82E4-07845F9A6CF2}.Debug|Any CPU.ActiveCfg = Debug|Any CPU
		{9235B0DE-E019-4BF2-82E4-07845F9A6CF2}.Debug|Any CPU.Build.0 = Debug|Any CPU
		{9235B0DE-E019-4BF2-82E4-07845F9A6CF2}.Release|Any CPU.ActiveCfg = Release|Any CPU
		{9235B0DE-E019-4BF2-82E4-07845F9A6CF2}.Release|Any CPU.Build.0 = Release|Any CPU
	EndGlobalSection
	GlobalSection(SolutionProperties) = preSolution
		HideSolutionNode = FALSE
	EndGlobalSection
	GlobalSection(ExtensibilityGlobals) = postSolution
		SolutionGuid = {148FB9A2-DB28-49D3-B8C2-166CD1938980}
	EndGlobalSection
EndGlobal
